
Microsoft Visual Studio Solution File, Format Version 12.00
# Visual Studio Version 17
VisualStudioVersion = 17.9.34902.65
MinimumVisualStudioVersion = 10.0.40219.1
Project("{2150E333-8FDC-42A3-9474-1A3956D46DE8}") = "Solution Items", "Solution Items", "{BE25D646-5EC3-47AE-9061-CB904A4CB791}"
	ProjectSection(SolutionItems) = preProject
		..\.editorconfig = ..\.editorconfig
	EndProjectSection
EndProject
Project("{9A19103F-16F7-4668-BE54-9A1E7A4F7556}") = "DataModel", "Proto\Shared\DataModel\DataModel.csproj", "{31B2C383-48CA-4043-B77F-7A153A7476F6}"
EndProject
Global
	GlobalSection(SolutionConfigurationPlatforms) = preSolution
		Debug|Any CPU = Debug|Any CPU
		Release|Any CPU = Release|Any CPU
	EndGlobalSection
	GlobalSection(ProjectConfigurationPlatforms) = postSolution
		{31B2C383-48CA-4043-B77F-7A153A7476F6}.Debug|Any CPU.ActiveCfg = Debug|Any CPU
		{31B2C383-48CA-4043-B77F-7A153A7476F6}.Debug|Any CPU.Build.0 = Debug|Any CPU
		{31B2C383-48CA-4043-B77F-7A153A7476F6}.Release|Any CPU.ActiveCfg = Release|Any CPU
		{31B2C383-48CA-4043-B77F-7A153A7476F6}.Release|Any CPU.Build.0 = Release|Any CPU
	EndGlobalSection
	GlobalSection(SolutionProperties) = preSolution
		HideSolutionNode = FALSE
	EndGlobalSection
	GlobalSection(ExtensibilityGlobals) = postSolution
		SolutionGuid = {2F5DBDAE-F374-4EDD-86BF-854B55A87FB1}
	EndGlobalSection
EndGlobal
